
Microsoft Visual Studio Solution File, Format Version 12.00
# Visual Studio Version 17
VisualStudioVersion = 17.1.32210.238
MinimumVisualStudioVersion = 10.0.40219.1
Project("{FAE04EC0-301F-11D3-BF4B-00C04F79EFBC}") = "Data structures and Algorithms", "Data structures and Algorithms\Data structures and Algorithms.csproj", "{FD741ECA-3BA1-4D6F-88BF-DF87ADA2A9EA}"
EndProject
Global
	GlobalSection(SolutionConfigurationPlatforms) = preSolution
		Debug|Any CPU = Debug|Any CPU
		Release|Any CPU = Release|Any CPU
	EndGlobalSection
	GlobalSection(ProjectConfigurationPlatforms) = postSolution
		{FD741ECA-3BA1-4D6F-88BF-DF87ADA2A9EA}.Debug|Any CPU.ActiveCfg = Debug|Any CPU
		{FD741ECA-3BA1-4D6F-88BF-DF87ADA2A9EA}.Debug|Any CPU.Build.0 = Debug|Any CPU
		{FD741ECA-3BA1-4D6F-88BF-DF87ADA2A9EA}.Release|Any CPU.ActiveCfg = Release|Any CPU
		{FD741ECA-3BA1-4D6F-88BF-DF87ADA2A9EA}.Release|Any CPU.Build.0 = Release|Any CPU
	EndGlobalSection
	GlobalSection(SolutionProperties) = preSolution
		HideSolutionNode = FALSE
	EndGlobalSection
	GlobalSection(ExtensibilityGlobals) = postSolution
		SolutionGuid = {5578DA3E-4715-48B9-BFC3-606CEA6252AB}
	EndGlobalSection
EndGlobal
